
Microsoft Visual Studio Solution File, Format Version 12.00
# Visual Studio 2012
Project("{FAE04EC0-301F-11D3-BF4B-00C04F79EFBC}") = "DnnServices", "DnnServices.csproj", "{1782042A-749A-4E85-90F0-89BDCDDF3332}"
EndProject
Global
	GlobalSection(SolutionConfigurationPlatforms) = preSolution
		Debug|Any CPU = Debug|Any CPU
		Release|Any CPU = Release|Any CPU
	EndGlobalSection
	GlobalSection(ProjectConfigurationPlatforms) = postSolution
		{1782042A-749A-4E85-90F0-89BDCDDF3332}.Debug|Any CPU.ActiveCfg = Debug|Any CPU
		{1782042A-749A-4E85-90F0-89BDCDDF3332}.Debug|Any CPU.Build.0 = Debug|Any CPU
		{1782042A-749A-4E85-90F0-89BDCDDF3332}.Release|Any CPU.ActiveCfg = Release|Any CPU
		{1782042A-749A-4E85-90F0-89BDCDDF3332}.Release|Any CPU.Build.0 = Release|Any CPU
	EndGlobalSection
	GlobalSection(SolutionProperties) = preSolution
		HideSolutionNode = FALSE
	EndGlobalSection
EndGlobal
